
Microsoft Visual Studio Solution File, Format Version 12.00
# Visual Studio Version 17
VisualStudioVersion = 17.7.34009.444
MinimumVisualStudioVersion = 10.0.40219.1
Project("{9A19103F-16F7-4668-BE54-9A1E7A4F7556}") = "CyclopsDockingMod", "CyclopsDockingMod\CyclopsDockingMod.csproj", "{FE3DC7EB-34BD-4F25-9FDD-1DB7518923C7}"
EndProject
Project("{2150E333-8FDC-42A3-9474-1A3956D46DE8}") = "Solution Items", "Solution Items", "{DDA15F82-B69F-43B3-A649-5B2E5DEDDF54}"
	ProjectSection(SolutionItems) = preProject
		Directory.Build.props = Directory.Build.props
		Directory.Build.targets = Directory.Build.targets
	EndProjectSection
EndProject
Global
	GlobalSection(SolutionConfigurationPlatforms) = preSolution
		Subnautica_Debug|Any CPU = Subnautica_Debug|Any CPU
		Subnautica|Any CPU = Subnautica|Any CPU
	EndGlobalSection
	GlobalSection(ProjectConfigurationPlatforms) = postSolution
		{FE3DC7EB-34BD-4F25-9FDD-1DB7518923C7}.Subnautica_Debug|Any CPU.ActiveCfg = Subnautica_Debug|Any CPU
		{FE3DC7EB-34BD-4F25-9FDD-1DB7518923C7}.Subnautica_Debug|Any CPU.Build.0 = Subnautica_Debug|Any CPU
		{FE3DC7EB-34BD-4F25-9FDD-1DB7518923C7}.Subnautica|Any CPU.ActiveCfg = Subnautica|Any CPU
		{FE3DC7EB-34BD-4F25-9FDD-1DB7518923C7}.Subnautica|Any CPU.Build.0 = Subnautica|Any CPU
	EndGlobalSection
	GlobalSection(SolutionProperties) = preSolution
		HideSolutionNode = FALSE
	EndGlobalSection
	GlobalSection(ExtensibilityGlobals) = postSolution
		SolutionGuid = {A78D3BE6-C3C2-4A13-BB87-582AA81F7EEF}
	EndGlobalSection
EndGlobal
