
Microsoft Visual Studio Solution File, Format Version 12.00
# Visual Studio Version 17
VisualStudioVersion = 17.4.33205.214
MinimumVisualStudioVersion = 10.0.40219.1
Project("{9A19103F-16F7-4668-BE54-9A1E7A4F7556}") = "CyclopsDockingMod", "CyclopsDockingMod\CyclopsDockingMod.csproj", "{98959DE3-D74C-4CDB-8583-A720BF07F997}"
EndProject
Global
	GlobalSection(SolutionConfigurationPlatforms) = preSolution
		Debug|Any CPU = Debug|Any CPU
		DebugSML|Any CPU = DebugSML|Any CPU
		DebugLegacy|Any CPU = DebugLegacy|Any CPU
		DebugNauti|Any CPU = DebugNauti|Any CPU
		Release|Any CPU = Release|Any CPU
		ReleaseSML|Any CPU = ReleaseSML|Any CPU
		ReleaseLegacy|Any CPU = ReleaseLegacy|Any CPU
		ReleaseNauti|Any CPU = ReleaseNauti|Any CPU
	EndGlobalSection
	GlobalSection(ProjectConfigurationPlatforms) = postSolution
		{98959DE3-D74C-4CDB-8583-A720BF07F997}.Debug|Any CPU.ActiveCfg = Debug|Any CPU
		{98959DE3-D74C-4CDB-8583-A720BF07F997}.Debug|Any CPU.Build.0 = Debug|Any CPU
		{98959DE3-D74C-4CDB-8583-A720BF07F997}.DebugSML|Any CPU.ActiveCfg = DebugSML|Any CPU
		{98959DE3-D74C-4CDB-8583-A720BF07F997}.DebugSML|Any CPU.Build.0 = DebugSML|Any CPU
		{98959DE3-D74C-4CDB-8583-A720BF07F997}.DebugLegacy|Any CPU.ActiveCfg = DebugLegacy|Any CPU
		{98959DE3-D74C-4CDB-8583-A720BF07F997}.DebugLegacy|Any CPU.Build.0 = DebugLegacy|Any CPU
		{98959DE3-D74C-4CDB-8583-A720BF07F997}.DebugNauti|Any CPU.ActiveCfg = DebugNauti|Any CPU
		{98959DE3-D74C-4CDB-8583-A720BF07F997}.DebugNauti|Any CPU.Build.0 = DebugNauti|Any CPU
		{98959DE3-D74C-4CDB-8583-A720BF07F997}.Release|Any CPU.ActiveCfg = Release|Any CPU
		{98959DE3-D74C-4CDB-8583-A720BF07F997}.Release|Any CPU.Build.0 = Release|Any CPU
		{98959DE3-D74C-4CDB-8583-A720BF07F997}.ReleaseSML|Any CPU.ActiveCfg = ReleaseSML|Any CPU
		{98959DE3-D74C-4CDB-8583-A720BF07F997}.ReleaseSML|Any CPU.Build.0 = ReleaseSML|Any CPU
		{98959DE3-D74C-4CDB-8583-A720BF07F997}.ReleaseLegacy|Any CPU.ActiveCfg = ReleaseLegacy|Any CPU
		{98959DE3-D74C-4CDB-8583-A720BF07F997}.ReleaseLegacy|Any CPU.Build.0 = ReleaseLegacy|Any CPU
		{98959DE3-D74C-4CDB-8583-A720BF07F997}.ReleaseNauti|Any CPU.ActiveCfg = ReleaseNauti|Any CPU
		{98959DE3-D74C-4CDB-8583-A720BF07F997}.ReleaseNauti|Any CPU.Build.0 = ReleaseNauti|Any CPU
	EndGlobalSection
	GlobalSection(SolutionProperties) = preSolution
		HideSolutionNode = FALSE
	EndGlobalSection
	GlobalSection(ExtensibilityGlobals) = postSolution
		SolutionGuid = {77C2F094-CDB9-4336-AA19-65233CAD436F}
	EndGlobalSection
EndGlobal
